{
  "version": 4,
  "terraform_version": "1.13.4",
  "serial": 5,
  "lineage": "6e8742a9-f651-9c8b-60af-4ee351dbc18e",
  "outputs": {
    "instance_id": {
      "value": "i-03a4b0ca2464e6760",
      "type": "string"
    },
    "instance_public_dns": {
      "value": "ec2-3-255-84-110.eu-west-1.compute.amazonaws.com",
      "type": "string"
    },
    "instance_public_ip": {
      "value": "54.220.183.213",
      "type": "string"
    },
    "ssh_connection_command": {
      "value": "ssh -i ~/.ssh/votex_key ubuntu@54.220.183.213",
      "type": "string"
    }
  },
  "resources": [
    {
      "mode": "managed",
      "type": "aws_eip",
      "name": "votex_eip",
      "provider": "provider[\"registry.terraform.io/hashicorp/aws\"]",
      "instances": [
        {
          "schema_version": 0,
          "attributes": {
            "address": null,
            "allocation_id": "eipalloc-0eff84a2001b8641e",
            "arn": "arn:aws:ec2:eu-west-1:703930550617:elastic-ip/eipalloc-0eff84a2001b8641e",
            "associate_with_private_ip": null,
            "association_id": "eipassoc-03667487a942ad578",
            "carrier_ip": "",
            "customer_owned_ip": "",
            "customer_owned_ipv4_pool": "",
            "domain": "vpc",
            "id": "eipalloc-0eff84a2001b8641e",
            "instance": "i-03a4b0ca2464e6760",
            "ipam_pool_id": null,
            "network_border_group": "eu-west-1",
            "network_interface": "eni-0c8aa0b51fa1b3ed0",
            "private_dns": "ip-172-31-26-194.eu-west-1.compute.internal",
            "private_ip": "172.31.26.194",
            "ptr_record": "",
            "public_dns": "ec2-54-220-183-213.eu-west-1.compute.amazonaws.com",
            "public_ip": "54.220.183.213",
            "public_ipv4_pool": "amazon",
            "tags": {
              "Name": "votex-eip",
              "Project": "VoteX"
            },
            "tags_all": {
              "Name": "votex-eip",
              "Project": "VoteX"
            },
            "timeouts": null,
            "vpc": true
          },
          "sensitive_attributes": [],
          "identity_schema_version": 0,
          "private": "eyJlMmJmYjczMC1lY2FhLTExZTYtOGY4OC0zNDM2M2JjN2M0YzAiOnsiZGVsZXRlIjoxODAwMDAwMDAwMDAsInJlYWQiOjkwMDAwMDAwMDAwMCwidXBkYXRlIjozMDAwMDAwMDAwMDB9fQ==",
          "dependencies": [
            "aws_instance.votex_server",
            "aws_key_pair.votex_key",
            "aws_security_group.votex_sg"
          ]
        }
      ]
    },
    {
      "mode": "managed",
      "type": "aws_instance",
      "name": "votex_server",
      "provider": "provider[\"registry.terraform.io/hashicorp/aws\"]",
      "instances": [
        {
          "schema_version": 1,
          "attributes": {
            "ami": "ami-0905a3c97561e0b69",
            "arn": "arn:aws:ec2:eu-west-1:703930550617:instance/i-03a4b0ca2464e6760",
            "associate_public_ip_address": true,
            "availability_zone": "eu-west-1a",
            "capacity_reservation_specification": [
              {
                "capacity_reservation_preference": "open",
                "capacity_reservation_target": []
              }
            ],
            "cpu_core_count": 1,
            "cpu_options": [
              {
                "amd_sev_snp": "",
                "core_count": 1,
                "threads_per_core": 2
              }
            ],
            "cpu_threads_per_core": 2,
            "credit_specification": [
              {
                "cpu_credits": "unlimited"
              }
            ],
            "disable_api_stop": false,
            "disable_api_termination": false,
            "ebs_block_device": [],
            "ebs_optimized": false,
            "enable_primary_ipv6": null,
            "enclave_options": [
              {
                "enabled": false
              }
            ],
            "ephemeral_block_device": [],
            "get_password_data": false,
            "hibernation": false,
            "host_id": "",
            "host_resource_group_arn": null,
            "iam_instance_profile": "",
            "id": "i-03a4b0ca2464e6760",
            "instance_initiated_shutdown_behavior": "stop",
            "instance_lifecycle": "",
            "instance_market_options": [],
            "instance_state": "running",
            "instance_type": "t3.micro",
            "ipv6_address_count": 0,
            "ipv6_addresses": [],
            "key_name": "votex-deploy-key",
            "launch_template": [],
            "maintenance_options": [
              {
                "auto_recovery": "default"
              }
            ],
            "metadata_options": [
              {
                "http_endpoint": "enabled",
                "http_protocol_ipv6": "disabled",
                "http_put_response_hop_limit": 1,
                "http_tokens": "optional",
                "instance_metadata_tags": "disabled"
              }
            ],
            "monitoring": false,
            "network_interface": [],
            "outpost_arn": "",
            "password_data": "",
            "placement_group": "",
            "placement_partition_number": 0,
            "primary_network_interface_id": "eni-0c8aa0b51fa1b3ed0",
            "private_dns": "ip-172-31-26-194.eu-west-1.compute.internal",
            "private_dns_name_options": [
              {
                "enable_resource_name_dns_a_record": false,
                "enable_resource_name_dns_aaaa_record": false,
                "hostname_type": "ip-name"
              }
            ],
            "private_ip": "172.31.26.194",
            "public_dns": "ec2-3-255-84-110.eu-west-1.compute.amazonaws.com",
            "public_ip": "3.255.84.110",
            "root_block_device": [
              {
                "delete_on_termination": true,
                "device_name": "/dev/sda1",
                "encrypted": false,
                "iops": 3000,
                "kms_key_id": "",
                "tags": null,
                "tags_all": {},
                "throughput": 125,
                "volume_id": "vol-0e44d1b0e18c0b148",
                "volume_size": 20,
                "volume_type": "gp3"
              }
            ],
            "secondary_private_ips": [],
            "security_groups": [
              "votex-security-group"
            ],
            "source_dest_check": true,
            "spot_instance_request_id": "",
            "subnet_id": "subnet-0a356ae35d8048dc8",
            "tags": {
              "Environment": "production",
              "Name": "votex-server",
              "Project": "VoteX"
            },
            "tags_all": {
              "Environment": "production",
              "Name": "votex-server",
              "Project": "VoteX"
            },
            "tenancy": "default",
            "timeouts": null,
            "user_data": "adde2c4528e25402f9500d5f23dc49f711dfc816",
            "user_data_base64": null,
            "user_data_replace_on_change": false,
            "volume_tags": null,
            "vpc_security_group_ids": [
              "sg-0e595698394985d90"
            ]
          },
          "sensitive_attributes": [],
          "identity_schema_version": 0,
          "private": "eyJlMmJmYjczMC1lY2FhLTExZTYtOGY4OC0zNDM2M2JjN2M0YzAiOnsiY3JlYXRlIjo2MDAwMDAwMDAwMDAsImRlbGV0ZSI6MTIwMDAwMDAwMDAwMCwicmVhZCI6OTAwMDAwMDAwMDAwLCJ1cGRhdGUiOjYwMDAwMDAwMDAwMH0sInNjaGVtYV92ZXJzaW9uIjoiMSJ9",
          "dependencies": [
            "aws_key_pair.votex_key",
            "aws_security_group.votex_sg"
          ]
        }
      ]
    },
    {
      "mode": "managed",
      "type": "aws_key_pair",
      "name": "votex_key",
      "provider": "provider[\"registry.terraform.io/hashicorp/aws\"]",
      "instances": [
        {
          "schema_version": 1,
          "attributes": {
            "arn": "arn:aws:ec2:eu-west-1:703930550617:key-pair/votex-deploy-key",
            "fingerprint": "77:21:af:2a:d8:e3:c0:a1:ba:9e:72:b8:ab:56:26:b0",
            "id": "votex-deploy-key",
            "key_name": "votex-deploy-key",
            "key_name_prefix": "",
            "key_pair_id": "key-0e4cb45c7a9ddae93",
            "key_type": "rsa",
            "public_key": "ssh-rsa AAAAB3NzaC1yc2EAAAADAQABAAACAQDawrxMBPkv2Fid9MmOaBwTypYYgUflR4trqwKaRIV8jNd+jy2kDI5iaCxXV8k3A+tVRd5LBFGDtajOLdpf0WQQOLky8pN2hVmkbTwNEoLdT0eiFIAItZyFCarA9gWGSxwcNTmBWMinjIeo3EsDufvJ7u/1SQbBendChuVuKMVyi4OCrD1D/bvjy9YsFzwOaCQFB+YpeZJFZmP9BqkaNZSj7PPIUVwrOxjey2P0v8ZGxf8jlW+J+E+Y+jKIRQF02JPV65LlgxMKgq9L6gKrU3CCUiLr6nApf4poQd7VhGoC3w5uayPcCLGHJjGZnxBeYKIU38DxCNjfu2IaXTPHNgJOg7PG6Uge+pdiHRWJ1IRBPZ5sQ0h/dxhIuUGCTyvMIExQCQMaz21EzHRE7LfIn/W2tOXH38K+MvETzghrQ3ZOJk0Yc1d/IumRf9d9RSKo1zOsiQw8YBWvPRskcxQ7UFTfRZ5bWZgzYQEgBeL4iC+jeg9sEpyGjp2bS9Hn05UDM5VEgtXpWd5LUIUSJR19BVgH4r9D55Nprv3dd5uCyghq5s2Ja7cCZbZ6Dea+xrWJXCdfz54I+LM9Kd5N/s9NTaksyNWXCgy+uv3yH7jSnzrCYCsgHSLlNO7exunzaL9zcfO6AFALTkKisEemXArsNRKemOpu2QppjR6CxR7Y5cZJcQ== thant@Thanu-MSICyborg",
            "tags": {
              "Name": "votex-key",
              "Project": "VoteX"
            },
            "tags_all": {
              "Name": "votex-key",
              "Project": "VoteX"
            }
          },
          "sensitive_attributes": [],
          "identity_schema_version": 0,
          "private": "eyJzY2hlbWFfdmVyc2lvbiI6IjEifQ=="
        }
      ]
    },
    {
      "mode": "managed",
      "type": "aws_security_group",
      "name": "votex_sg",
      "provider": "provider[\"registry.terraform.io/hashicorp/aws\"]",
      "instances": [
        {
          "schema_version": 1,
          "attributes": {
            "arn": "arn:aws:ec2:eu-west-1:703930550617:security-group/sg-0e595698394985d90",
            "description": "Security group for VoteX application",
            "egress": [
              {
                "cidr_blocks": [
                  "0.0.0.0/0"
                ],
                "description": "Allow all outbound",
                "from_port": 0,
                "ipv6_cidr_blocks": [],
                "prefix_list_ids": [],
                "protocol": "-1",
                "security_groups": [],
                "self": false,
                "to_port": 0
              }
            ],
            "id": "sg-0e595698394985d90",
            "ingress": [
              {
                "cidr_blocks": [
                  "0.0.0.0/0"
                ],
                "description": "Backend API access",
                "from_port": 4000,
                "ipv6_cidr_blocks": [],
                "prefix_list_ids": [],
                "protocol": "tcp",
                "security_groups": [],
                "self": false,
                "to_port": 4000
              },
              {
                "cidr_blocks": [
                  "0.0.0.0/0"
                ],
                "description": "Frontend access",
                "from_port": 3000,
                "ipv6_cidr_blocks": [],
                "prefix_list_ids": [],
                "protocol": "tcp",
                "security_groups": [],
                "self": false,
                "to_port": 3000
              },
              {
                "cidr_blocks": [
                  "0.0.0.0/0"
                ],
                "description": "HTTP access",
                "from_port": 80,
                "ipv6_cidr_blocks": [],
                "prefix_list_ids": [],
                "protocol": "tcp",
                "security_groups": [],
                "self": false,
                "to_port": 80
              },
              {
                "cidr_blocks": [
                  "0.0.0.0/0"
                ],
                "description": "SSH access",
                "from_port": 22,
                "ipv6_cidr_blocks": [],
                "prefix_list_ids": [],
                "protocol": "tcp",
                "security_groups": [],
                "self": false,
                "to_port": 22
              }
            ],
            "name": "votex-security-group",
            "name_prefix": "",
            "owner_id": "703930550617",
            "revoke_rules_on_delete": false,
            "tags": {
              "Name": "votex-sg",
              "Project": "VoteX"
            },
            "tags_all": {
              "Name": "votex-sg",
              "Project": "VoteX"
            },
            "timeouts": null,
            "vpc_id": "vpc-016c345452ed0d611"
          },
          "sensitive_attributes": [],
          "identity_schema_version": 0,
          "private": "eyJlMmJmYjczMC1lY2FhLTExZTYtOGY4OC0zNDM2M2JjN2M0YzAiOnsiY3JlYXRlIjo2MDAwMDAwMDAwMDAsImRlbGV0ZSI6OTAwMDAwMDAwMDAwfSwic2NoZW1hX3ZlcnNpb24iOiIxIn0="
        }
      ]
    }
  ],
  "check_results": null
}
